// !$*UTF8*$!
{
	archiveVersion = 1;
	classes = {
	};
	objectVersion = 50;
	objects = {

/* Begin PBXBuildFile section */
		9A1C9C6422E5F0AC005390C9 /* AppDelegate.m in Sources */ = {isa = PBXBuildFile; fileRef = 9A1C9C6322E5F0AC005390C9 /* AppDelegate.m */; };
		9A1C9C6722E5F0AD005390C9 /* ViewController.m in Sources */ = {isa = PBXBuildFile; fileRef = 9A1C9C6622E5F0AD005390C9 /* ViewController.m */; };
		9A1C9C6A22E5F0AD005390C9 /* Main.storyboard in Resources */ = {isa = PBXBuildFile; fileRef = 9A1C9C6822E5F0AD005390C9 /* Main.storyboard */; };
		9A1C9C6C22E5F0AE005390C9 /* Assets.xcassets in Resources */ = {isa = PBXBuildFile; fileRef = 9A1C9C6B22E5F0AE005390C9 /* Assets.xcassets */; };
		9A1C9C6F22E5F0AE005390C9 /* LaunchScreen.storyboard in Resources */ = {isa = PBXBuildFile; fileRef = 9A1C9C6D22E5F0AE005390C9 /* LaunchScreen.storyboard */; };
		9A1C9C7222E5F0AE005390C9 /* main.m in Sources */ = {isa = PBXBuildFile; fileRef = 9A1C9C7122E5F0AE005390C9 /* main.m */; };
		F391844FB6C2E345715E1DFF /* libPods-testTable.a in Frameworks */ = {isa = PBXBuildFile; fileRef = 247F6D1E7DDDAB1204F30656 /* libPods-testTable.a */; };
/* End PBXBuildFile section */

/* Begin PBXFileReference section */
		247F6D1E7DDDAB1204F30656 /* libPods-testTable.a */ = {isa = PBXFileReference; explicitFileType = archive.ar; includeInIndex = 0; path = "libPods-testTable.a"; sourceTree = BUILT_PRODUCTS_DIR; };
		2C8095D71A088F705880353D /* Pods-testTable.debug.xcconfig */ = {isa = PBXFileReference; includeInIndex = 1; lastKnownFileType = text.xcconfig; name = "Pods-testTable.debug.xcconfig"; path = "Target Support Files/Pods-testTable/Pods-testTable.debug.xcconfig"; sourceTree = "<group>"; };
		63B54E67044CCCEE8FEB1590 /* Pods-testTable.release.xcconfig */ = {isa = PBXFileReference; includeInIndex = 1; lastKnownFileType = text.xcconfig; name = "Pods-testTable.release.xcconfig"; path = "Target Support Files/Pods-testTable/Pods-testTable.release.xcconfig"; sourceTree = "<group>"; };
		9A1C9C5F22E5F0AC005390C9 /* testTable.app */ = {isa = PBXFileReference; explicitFileType = wrapper.application; includeInIndex = 0; path = testTable.app; sourceTree = BUILT_PRODUCTS_DIR; };
		9A1C9C6222E5F0AC005390C9 /* AppDelegate.h */ = {isa = PBXFileReference; lastKnownFileType = sourcecode.c.h; path = AppDelegate.h; sourceTree = "<group>"; };
		9A1C9C6322E5F0AC005390C9 /* AppDelegate.m */ = {isa = PBXFileReference; lastKnownFileType = sourcecode.c.objc; path = AppDelegate.m; sourceTree = "<group>"; };
		9A1C9C6522E5F0AC005390C9 /* ViewController.h */ = {isa = PBXFileReference; lastKnownFileType = sourcecode.c.h; path = ViewController.h; sourceTree = "<group>"; };
		9A1C9C6622E5F0AD005390C9 /* ViewController.m */ = {isa = PBXFileReference; lastKnownFileType = sourcecode.c.objc; path = ViewController.m; sourceTree = "<group>"; };
		9A1C9C6922E5F0AD005390C9 /* Base */ = {isa = PBXFileReference; lastKnownFileType = file.storyboard; name = Base; path = Base.lproj/Main.storyboard; sourceTree = "<group>"; };
		9A1C9C6B22E5F0AE005390C9 /* Assets.xcassets */ = {isa = PBXFileReference; lastKnownFileType = folder.assetcatalog; path = Assets.xcassets; sourceTree = "<group>"; };
		9A1C9C6E22E5F0AE005390C9 /* Base */ = {isa = PBXFileReference; lastKnownFileType = file.storyboard; name = Base; path = Base.lproj/LaunchScreen.storyboard; sourceTree = "<group>"; };
		9A1C9C7022E5F0AE005390C9 /* Info.plist */ = {isa = PBXFileReference; lastKnownFileType = text.plist.xml; path = Info.plist; sourceTree = "<group>"; };
		9A1C9C7122E5F0AE005390C9 /* main.m */ = {isa = PBXFileReference; lastKnownFileType = sourcecode.c.objc; path = main.m; sourceTree = "<group>"; };
/* End PBXFileReference section */

/* Begin PBXFrameworksBuildPhase section */
		9A1C9C5C22E5F0AC005390C9 /* Frameworks */ = {
			isa = PBXFrameworksBuildPhase;
			buildActionMask = 2147483647;
			files = (
				F391844FB6C2E345715E1DFF /* libPods-testTable.a in Frameworks */,
			);
			runOnlyForDeploymentPostprocessing = 0;
		};
/* End PBXFrameworksBuildPhase section */

/* Begin PBXGroup section */
		315032F6E7914CF45E277D5F /* Frameworks */ = {
			isa = PBXGroup;
			children = (
				247F6D1E7DDDAB1204F30656 /* libPods-testTable.a */,
			);
			name = Frameworks;
			sourceTree = "<group>";
		};
		9A1C9C5622E5F0AC005390C9 = {
			isa = PBXGroup;
			children = (
				9A1C9C6122E5F0AC005390C9 /* testTable */,
				9A1C9C6022E5F0AC005390C9 /* Products */,
				DB63DE993D0D29E60CBDA1A3 /* Pods */,
				315032F6E7914CF45E277D5F /* Frameworks */,
			);
			sourceTree = "<group>";
		};
		9A1C9C6022E5F0AC005390C9 /* Products */ = {
			isa = PBXGroup;
			children = (
				9A1C9C5F22E5F0AC005390C9 /* testTable.app */,
			);
			name = Products;
			sourceTree = "<group>";
		};
		9A1C9C6122E5F0AC005390C9 /* testTable */ = {
			isa = PBXGroup;
			children = (
				9A1C9C6222E5F0AC005390C9 /* AppDelegate.h */,
				9A1C9C6322E5F0AC005390C9 /* AppDelegate.m */,
				9A1C9C6522E5F0AC005390C9 /* ViewController.h */,
				9A1C9C6622E5F0AD005390C9 /* ViewController.m */,
				9A1C9C6822E5F0AD005390C9 /* Main.storyboard */,
				9A1C9C6B22E5F0AE005390C9 /* Assets.xcassets */,
				9A1C9C6D22E5F0AE005390C9 /* LaunchScreen.storyboard */,
				9A1C9C7022E5F0AE005390C9 /* Info.plist */,
				9A1C9C7122E5F0AE005390C9 /* main.m */,
			);
			path = testTable;
			sourceTree = "<group>";
		};
		DB63DE993D0D29E60CBDA1A3 /* Pods */ = {
			isa = PBXGroup;
			children = (
				2C8095D71A088F705880353D /* Pods-testTable.debug.xcconfig */,
				63B54E67044CCCEE8FEB1590 /* Pods-testTable.release.xcconfig */,
			);
			path = Pods;
			sourceTree = "<group>";
		};
/* End PBXGroup section */

/* Begin PBXNativeTarget section */
		9A1C9C5E22E5F0AC005390C9 /* testTable */ = {
			isa = PBXNativeTarget;
			buildConfigurationList = 9A1C9C7522E5F0AE005390C9 /* Build configuration list for PBXNativeTarget "testTable" */;
			buildPhases = (
				A1017CD6BEAF7E42FA28C10E /* [CP] Check Pods Manifest.lock */,
				9A1C9C5B22E5F0AC005390C9 /* Sources */,
				9A1C9C5C22E5F0AC005390C9 /* Frameworks */,
				9A1C9C5D22E5F0AC005390C9 /* Resources */,
				9ADF1421257A26340018BF31 /* ShellScript */,
			);
			buildRules = (
			);
			dependencies = (
			);
			name = testTable;
			productName = testTable;
			productReference = 9A1C9C5F22E5F0AC005390C9 /* testTable.app */;
			productType = "com.apple.product-type.application";
		};
/* End PBXNativeTarget section */

/* Begin PBXProject section */
		9A1C9C5722E5F0AC005390C9 /* Project object */ = {
			isa = PBXProject;
			attributes = {
				LastUpgradeCheck = 1020;
				ORGANIZATIONNAME = yu.;
				TargetAttributes = {
					9A1C9C5E22E5F0AC005390C9 = {
						CreatedOnToolsVersion = 10.2.1;
					};
				};
			};
			buildConfigurationList = 9A1C9C5A22E5F0AC005390C9 /* Build configuration list for PBXProject "testTable" */;
			compatibilityVersion = "Xcode 9.3";
			developmentRegion = en;
			hasScannedForEncodings = 0;
			knownRegions = (
				en,
				Base,
			);
			mainGroup = 9A1C9C5622E5F0AC005390C9;
			productRefGroup = 9A1C9C6022E5F0AC005390C9 /* Products */;
			projectDirPath = "";
			projectRoot = "";
			targets = (
				9A1C9C5E22E5F0AC005390C9 /* testTable */,
			);
		};
/* End PBXProject section */

/* Begin PBXResourcesBuildPhase section */
		9A1C9C5D22E5F0AC005390C9 /* Resources */ = {
			isa = PBXResourcesBuildPhase;
			buildActionMask = 2147483647;
			files = (
				9A1C9C6F22E5F0AE005390C9 /* LaunchScreen.storyboard in Resources */,
				9A1C9C6C22E5F0AE005390C9 /* Assets.xcassets in Resources */,
				9A1C9C6A22E5F0AD005390C9 /* Main.storyboard in Resources */,
			);
			runOnlyForDeploymentPostprocessing = 0;
		};
/* End PBXResourcesBuildPhase section */

/* Begin PBXShellScriptBuildPhase section */
		9ADF1421257A26340018BF31 /* ShellScript */ = {
			isa = PBXShellScriptBuildPhase;
			buildActionMask = 2147483647;
			files = (
			);
			inputFileListPaths = (
			);
			inputPaths = (
			);
			outputFileListPaths = (
			);
			outputPaths = (
			);
			runOnlyForDeploymentPostprocessing = 0;
			shellPath = /bin/sh;
			shellScript = "\n#取当前时间字符串添加到文件结尾\nnowTime=$(date +%m.%d %H:%Ms)\n#当前工程绝对路径\nPROJECT_DIR=$(pwd)\nconvertPath=`which convert`\necho ${PROJECT_DIR}\n\necho ${convertPath}\n# 判断convertPath文件是否存在 如果不错在就提示安装imagemagick和ghostscript\nif [[ ! -f ${convertPath} || -z ${convertPath} ]]; then\n    echo \"您需要先安装ImageMagick和ghostscript \\nwarning: Skipping Icon versioning, you need to install ImageMagick and ghostscript (fonts) first, you can use brew to simplify process: \\nbrew install imagemagick \\nbrew install ghostscript\"\n    exit -1;\nfi\n\n\n# 说明 拼接所需要显示的内容\n# version    app-版本号\nversion=`/usr/libexec/PlistBuddy -c \"Print CFBundleShortVersionString\" \"${CONFIGURATION_BUILD_DIR}/${INFOPLIST_PATH}\"`\n# build_num  app-构建版本号\nbuild_num=`/usr/libexec/PlistBuddy -c \"Print CFBundleVersion\" \"${CONFIGURATION_BUILD_DIR}/${INFOPLIST_PATH}\"`\n# 检查当前所处Git分支\nif [ -d .git ] || git rev-parse --git-dir > /dev/null 2>&1; then\n    # commit     git-提交哈希值\n    commit=`git rev-parse --short HEAD`\n    # branch     git-分支名\n    branch=`git rev-parse --abbrev-ref HEAD`\nelse\n    # commit     git-提交哈希值\n    commit=`hg identify -i`\n    # branch     git-分支名\n    branch=`hg identify -b`\nfi;\n\n\nshopt -s extglob\nbuild_num=\"${build_num##*( )}\"\nshopt -u extglob\n# 拼接所要显示的内容\n#caption=\"${version}($build_num)\\n${branch}\\n${commit}\"\ncaption=\"${version}($build_num)\\n${branch}\\n${nowTime}\"\necho $caption\n\n\nfunction processIcon() {\n    base_file=$1\n    temp_path=$2\n    dest_path=$3\n    if [[ ! -e $base_file ]]; then\n        echo \"error: file does not exist: ${base_file}\"\n        exit -1;\n    fi\n    if [[ -z $temp_path ]]; then\n        echo \"error: temp_path does not exist: ${temp_path}\"\n        exit -1;\n    fi\n    if [[ -z $dest_path ]]; then\n        echo \"error: dest_path does not exist: ${dest_path}\"\n        exit -1;\n    fi\n    file_name=$(basename \"$base_file\")\n    final_file_path=\"${dest_path}/${file_name}\"\n    base_tmp_normalizedFileName=\"${file_name%.*}-normalized.${file_name##*.}\"\n    base_tmp_normalizedFilePath=\"${temp_path}/${base_tmp_normalizedFileName}\"\n\n    # Normalize 正常化\n    echo \"Reverting optimized PNG to normal\\n将优化的PNG恢复为正常\"\n    echo \"xcrun -sdk iphoneos pngcrush -revert-iphone-optimizations -q '${base_file}' '${base_tmp_normalizedFilePath}'\"\n    xcrun -sdk iphoneos pngcrush -revert-iphone-optimizations -q \"${base_file}\" \"${base_tmp_normalizedFilePath}\"\n    width=`identify -format %w \"${base_tmp_normalizedFilePath}\"`\n    height=`identify -format %h \"${base_tmp_normalizedFilePath}\"`\n    # 文字条高度和位置\n    band_height=$((($height * 50) / 100))\n    band_position=$(($height - $band_height))\n    # 文字位置\n    text_position=$(($band_position - 8))\n    point_size=$(((12 * $width) / 100))\n    echo \"Image dimensions ($width x $height) - band height $band_height @ $band_position - point size $point_size\"\n    #\n    # blur band and text\n    # 模糊和文字\n    #\n    # 添加高斯模糊  截取相应部分\n    convert \"${base_tmp_normalizedFilePath}\" -blur 10x8 /tmp/blurred.png\n    convert /tmp/blurred.png -gamma 0 -fill white -draw \"rectangle 0,$band_position,$width,$height\" /tmp/mask.png\n    # 添加文字\n    convert -size ${width}x${band_height} xc:none -fill 'rgba(0,0,0,0.2)' -draw \"rectangle 0,0,$width,$band_height\" /tmp/labels-base.png\n    convert -background none -size ${width}x${band_height} -pointsize $point_size -fill white -gravity center -gravity South caption:\"$caption\" /tmp/labels.png\n    # 合成文字和文字条\n    convert \"${base_tmp_normalizedFilePath}\" /tmp/blurred.png /tmp/mask.png -composite /tmp/temp.png\n    rm /tmp/blurred.png\n    rm /tmp/mask.png\n    #\n    # compose final image\n    # 合成最终图像\n    #\n    filename=New\"${base_file}\"\n    convert /tmp/temp.png /tmp/labels-base.png -geometry +0+$band_position -composite /tmp/labels.png -geometry +0+$text_position -geometry +${w}-${h} -composite -alpha remove \"${final_file_path}\"\n    # clean up\n    rm /tmp/temp.png\n    rm /tmp/labels-base.png\n    rm /tmp/labels.png\n    rm \"${base_tmp_normalizedFilePath}\"\n    echo \"Overlayed ${final_file_path}\"\n}\n\n\n# Process all app icons and create the corresponding internal icons\n# 处理所有应用程序图标并创建相应的内部图标\n# icons_dir=\"${SRCROOT}/Images.xcassets/AppIcon.appiconset\"\n#工程名 自动获取，注意修改工程后缀名 xcodeproj/xcworkspace\nproject_name=$(find . -name *.xcodeproj | awk -F \"[/.]\" '{print $(NF-1)}')\nicons_path=\"${PROJECT_DIR}/${project_name}/Assets.xcassets/AppIcon.appiconset\"\nicons_dest_path=\"${PROJECT_DIR}/${project_name}/Assets.xcassets/AppIcon-Internal.appiconset\"\n#icons_set=`basename \"${icons_path}\"`\ntmp_path=\"${TEMP_DIR}/IconVersioning\"\necho \"icons_path: ${icons_path}\"\necho \"icons_dest_path: ${icons_dest_path}\"\nmkdir -p \"${tmp_path}\"\nif [[ $icons_dest_path == \"\\\\\" ]]; then\n    echo \"error: destination file path can't be the root directory\"\n    exit -1;\nfi\nrm -rf \"${icons_dest_path}\"\ncp -rf \"${icons_path}\" \"${icons_dest_path}\"\n# Reference: https://askubuntu.com/a/343753\nfind \"${icons_path}\" -type f -name \"*.png\" -print0 |\nwhile IFS= read -r -d '' file; do\n    echo \"$file\"\n    processIcon \"${file}\" \"${tmp_path}\" \"${icons_dest_path}\"\ndone\n";
		};
		A1017CD6BEAF7E42FA28C10E /* [CP] Check Pods Manifest.lock */ = {
			isa = PBXShellScriptBuildPhase;
			buildActionMask = 2147483647;
			files = (
			);
			inputFileListPaths = (
			);
			inputPaths = (
				"${PODS_PODFILE_DIR_PATH}/Podfile.lock",
				"${PODS_ROOT}/Manifest.lock",
			);
			name = "[CP] Check Pods Manifest.lock";
			outputFileListPaths = (
			);
			outputPaths = (
				"$(DERIVED_FILE_DIR)/Pods-testTable-checkManifestLockResult.txt",
			);
			runOnlyForDeploymentPostprocessing = 0;
			shellPath = /bin/sh;
			shellScript = "diff \"${PODS_PODFILE_DIR_PATH}/Podfile.lock\" \"${PODS_ROOT}/Manifest.lock\" > /dev/null\nif [ $? != 0 ] ; then\n    # print error to STDERR\n    echo \"error: The sandbox is not in sync with the Podfile.lock. Run 'pod install' or update your CocoaPods installation.\" >&2\n    exit 1\nfi\n# This output is used by Xcode 'outputs' to avoid re-running this script phase.\necho \"SUCCESS\" > \"${SCRIPT_OUTPUT_FILE_0}\"\n";
			showEnvVarsInLog = 0;
		};
/* End PBXShellScriptBuildPhase section */

/* Begin PBXSourcesBuildPhase section */
		9A1C9C5B22E5F0AC005390C9 /* Sources */ = {
			isa = PBXSourcesBuildPhase;
			buildActionMask = 2147483647;
			files = (
				9A1C9C6722E5F0AD005390C9 /* ViewController.m in Sources */,
				9A1C9C7222E5F0AE005390C9 /* main.m in Sources */,
				9A1C9C6422E5F0AC005390C9 /* AppDelegate.m in Sources */,
			);
			runOnlyForDeploymentPostprocessing = 0;
		};
/* End PBXSourcesBuildPhase section */

/* Begin PBXVariantGroup section */
		9A1C9C6822E5F0AD005390C9 /* Main.storyboard */ = {
			isa = PBXVariantGroup;
			children = (
				9A1C9C6922E5F0AD005390C9 /* Base */,
			);
			name = Main.storyboard;
			sourceTree = "<group>";
		};
		9A1C9C6D22E5F0AE005390C9 /* LaunchScreen.storyboard */ = {
			isa = PBXVariantGroup;
			children = (
				9A1C9C6E22E5F0AE005390C9 /* Base */,
			);
			name = LaunchScreen.storyboard;
			sourceTree = "<group>";
		};
/* End PBXVariantGroup section */

/* Begin XCBuildConfiguration section */
		9A1C9C7322E5F0AE005390C9 /* Debug */ = {
			isa = XCBuildConfiguration;
			buildSettings = {
				ALWAYS_SEARCH_USER_PATHS = NO;
				CLANG_ANALYZER_NONNULL = YES;
				CLANG_ANALYZER_NUMBER_OBJECT_CONVERSION = YES_AGGRESSIVE;
				CLANG_CXX_LANGUAGE_STANDARD = "gnu++14";
				CLANG_CXX_LIBRARY = "libc++";
				CLANG_ENABLE_MODULES = YES;
				CLANG_ENABLE_OBJC_ARC = YES;
				CLANG_ENABLE_OBJC_WEAK = YES;
				CLANG_WARN_BLOCK_CAPTURE_AUTORELEASING = YES;
				CLANG_WARN_BOOL_CONVERSION = YES;
				CLANG_WARN_COMMA = YES;
				CLANG_WARN_CONSTANT_CONVERSION = YES;
				CLANG_WARN_DEPRECATED_OBJC_IMPLEMENTATIONS = YES;
				CLANG_WARN_DIRECT_OBJC_ISA_USAGE = YES_ERROR;
				CLANG_WARN_DOCUMENTATION_COMMENTS = YES;
				CLANG_WARN_EMPTY_BODY = YES;
				CLANG_WARN_ENUM_CONVERSION = YES;
				CLANG_WARN_INFINITE_RECURSION = YES;
				CLANG_WARN_INT_CONVERSION = YES;
				CLANG_WARN_NON_LITERAL_NULL_CONVERSION = YES;
				CLANG_WARN_OBJC_IMPLICIT_RETAIN_SELF = YES;
				CLANG_WARN_OBJC_LITERAL_CONVERSION = YES;
				CLANG_WARN_OBJC_ROOT_CLASS = YES_ERROR;
				CLANG_WARN_RANGE_LOOP_ANALYSIS = YES;
				CLANG_WARN_STRICT_PROTOTYPES = YES;
				CLANG_WARN_SUSPICIOUS_MOVE = YES;
				CLANG_WARN_UNGUARDED_AVAILABILITY = YES_AGGRESSIVE;
				CLANG_WARN_UNREACHABLE_CODE = YES;
				CLANG_WARN__DUPLICATE_METHOD_MATCH = YES;
				CODE_SIGN_IDENTITY = "iPhone Developer";
				COPY_PHASE_STRIP = NO;
				DEBUG_INFORMATION_FORMAT = dwarf;
				ENABLE_STRICT_OBJC_MSGSEND = YES;
				ENABLE_TESTABILITY = YES;
				GCC_C_LANGUAGE_STANDARD = gnu11;
				GCC_DYNAMIC_NO_PIC = NO;
				GCC_NO_COMMON_BLOCKS = YES;
				GCC_OPTIMIZATION_LEVEL = 0;
				GCC_PREPROCESSOR_DEFINITIONS = (
					"DEBUG=1",
					"$(inherited)",
				);
				GCC_WARN_64_TO_32_BIT_CONVERSION = YES;
				GCC_WARN_ABOUT_RETURN_TYPE = YES_ERROR;
				GCC_WARN_UNDECLARED_SELECTOR = YES;
				GCC_WARN_UNINITIALIZED_AUTOS = YES_AGGRESSIVE;
				GCC_WARN_UNUSED_FUNCTION = YES;
				GCC_WARN_UNUSED_VARIABLE = YES;
				IPHONEOS_DEPLOYMENT_TARGET = 12.2;
				MTL_ENABLE_DEBUG_INFO = INCLUDE_SOURCE;
				MTL_FAST_MATH = YES;
				ONLY_ACTIVE_ARCH = YES;
				SDKROOT = iphoneos;
			};
			name = Debug;
		};
		9A1C9C7422E5F0AE005390C9 /* Release */ = {
			isa = XCBuildConfiguration;
			buildSettings = {
				ALWAYS_SEARCH_USER_PATHS = NO;
				CLANG_ANALYZER_NONNULL = YES;
				CLANG_ANALYZER_NUMBER_OBJECT_CONVERSION = YES_AGGRESSIVE;
				CLANG_CXX_LANGUAGE_STANDARD = "gnu++14";
				CLANG_CXX_LIBRARY = "libc++";
				CLANG_ENABLE_MODULES = YES;
				CLANG_ENABLE_OBJC_ARC = YES;
				CLANG_ENABLE_OBJC_WEAK = YES;
				CLANG_WARN_BLOCK_CAPTURE_AUTORELEASING = YES;
				CLANG_WARN_BOOL_CONVERSION = YES;
				CLANG_WARN_COMMA = YES;
				CLANG_WARN_CONSTANT_CONVERSION = YES;
				CLANG_WARN_DEPRECATED_OBJC_IMPLEMENTATIONS = YES;
				CLANG_WARN_DIRECT_OBJC_ISA_USAGE = YES_ERROR;
				CLANG_WARN_DOCUMENTATION_COMMENTS = YES;
				CLANG_WARN_EMPTY_BODY = YES;
				CLANG_WARN_ENUM_CONVERSION = YES;
				CLANG_WARN_INFINITE_RECURSION = YES;
				CLANG_WARN_INT_CONVERSION = YES;
				CLANG_WARN_NON_LITERAL_NULL_CONVERSION = YES;
				CLANG_WARN_OBJC_IMPLICIT_RETAIN_SELF = YES;
				CLANG_WARN_OBJC_LITERAL_CONVERSION = YES;
				CLANG_WARN_OBJC_ROOT_CLASS = YES_ERROR;
				CLANG_WARN_RANGE_LOOP_ANALYSIS = YES;
				CLANG_WARN_STRICT_PROTOTYPES = YES;
				CLANG_WARN_SUSPICIOUS_MOVE = YES;
				CLANG_WARN_UNGUARDED_AVAILABILITY = YES_AGGRESSIVE;
				CLANG_WARN_UNREACHABLE_CODE = YES;
				CLANG_WARN__DUPLICATE_METHOD_MATCH = YES;
				CODE_SIGN_IDENTITY = "iPhone Developer";
				COPY_PHASE_STRIP = NO;
				DEBUG_INFORMATION_FORMAT = "dwarf-with-dsym";
				ENABLE_NS_ASSERTIONS = NO;
				ENABLE_STRICT_OBJC_MSGSEND = YES;
				GCC_C_LANGUAGE_STANDARD = gnu11;
				GCC_NO_COMMON_BLOCKS = YES;
				GCC_WARN_64_TO_32_BIT_CONVERSION = YES;
				GCC_WARN_ABOUT_RETURN_TYPE = YES_ERROR;
				GCC_WARN_UNDECLARED_SELECTOR = YES;
				GCC_WARN_UNINITIALIZED_AUTOS = YES_AGGRESSIVE;
				GCC_WARN_UNUSED_FUNCTION = YES;
				GCC_WARN_UNUSED_VARIABLE = YES;
				IPHONEOS_DEPLOYMENT_TARGET = 12.2;
				MTL_ENABLE_DEBUG_INFO = NO;
				MTL_FAST_MATH = YES;
				SDKROOT = iphoneos;
				VALIDATE_PRODUCT = YES;
			};
			name = Release;
		};
		9A1C9C7622E5F0AE005390C9 /* Debug */ = {
			isa = XCBuildConfiguration;
			baseConfigurationReference = 2C8095D71A088F705880353D /* Pods-testTable.debug.xcconfig */;
			buildSettings = {
				ASSETCATALOG_COMPILER_APPICON_NAME = "AppIcon-Internal";
				CODE_SIGN_STYLE = Automatic;
				DEVELOPMENT_TEAM = 837YNTC66R;
				INFOPLIST_FILE = testTable/Info.plist;
				LD_RUNPATH_SEARCH_PATHS = (
					"$(inherited)",
					"@executable_path/Frameworks",
				);
				PRODUCT_BUNDLE_IDENTIFIER = WY.testTable;
				PRODUCT_NAME = "$(TARGET_NAME)";
				TARGETED_DEVICE_FAMILY = "1,2";
			};
			name = Debug;
		};
		9A1C9C7722E5F0AE005390C9 /* Release */ = {
			isa = XCBuildConfiguration;
			baseConfigurationReference = 63B54E67044CCCEE8FEB1590 /* Pods-testTable.release.xcconfig */;
			buildSettings = {
				ASSETCATALOG_COMPILER_APPICON_NAME = "AppIcon-Internal";
				CODE_SIGN_STYLE = Automatic;
				DEVELOPMENT_TEAM = 837YNTC66R;
				INFOPLIST_FILE = testTable/Info.plist;
				LD_RUNPATH_SEARCH_PATHS = (
					"$(inherited)",
					"@executable_path/Frameworks",
				);
				PRODUCT_BUNDLE_IDENTIFIER = WY.testTable;
				PRODUCT_NAME = "$(TARGET_NAME)";
				TARGETED_DEVICE_FAMILY = "1,2";
			};
			name = Release;
		};
/* End XCBuildConfiguration section */

/* Begin XCConfigurationList section */
		9A1C9C5A22E5F0AC005390C9 /* Build configuration list for PBXProject "testTable" */ = {
			isa = XCConfigurationList;
			buildConfigurations = (
				9A1C9C7322E5F0AE005390C9 /* Debug */,
				9A1C9C7422E5F0AE005390C9 /* Release */,
			);
			defaultConfigurationIsVisible = 0;
			defaultConfigurationName = Release;
		};
		9A1C9C7522E5F0AE005390C9 /* Build configuration list for PBXNativeTarget "testTable" */ = {
			isa = XCConfigurationList;
			buildConfigurations = (
				9A1C9C7622E5F0AE005390C9 /* Debug */,
				9A1C9C7722E5F0AE005390C9 /* Release */,
			);
			defaultConfigurationIsVisible = 0;
			defaultConfigurationName = Release;
		};
/* End XCConfigurationList section */
	};
	rootObject = 9A1C9C5722E5F0AC005390C9 /* Project object */;
}
